
Microsoft Visual Studio Solution File, Format Version 12.00
# Visual Studio Version 17
VisualStudioVersion = 17.1.32407.343
MinimumVisualStudioVersion = 10.0.40219.1
Project("{9A19103F-16F7-4668-BE54-9A1E7A4F7556}") = "Harvey Knowledge Check", "Playground\Harvey Knowledge Check.csproj", "{4BC9AD32-3E23-4074-B90A-872C20B3CB04}"
EndProject
Project("{9A19103F-16F7-4668-BE54-9A1E7A4F7556}") = "RustlerLoginWizard", "MathQuiz\RustlerLoginWizard.csproj", "{A231B457-09CD-4D36-9B37-1A234EE3BAAB}"
EndProject
Global
	GlobalSection(SolutionConfigurationPlatforms) = preSolution
		Debug|Any CPU = Debug|Any CPU
		Release|Any CPU = Release|Any CPU
	EndGlobalSection
	GlobalSection(ProjectConfigurationPlatforms) = postSolution
		{4BC9AD32-3E23-4074-B90A-872C20B3CB04}.Debug|Any CPU.ActiveCfg = Debug|Any CPU
		{4BC9AD32-3E23-4074-B90A-872C20B3CB04}.Debug|Any CPU.Build.0 = Debug|Any CPU
		{4BC9AD32-3E23-4074-B90A-872C20B3CB04}.Release|Any CPU.ActiveCfg = Release|Any CPU
		{4BC9AD32-3E23-4074-B90A-872C20B3CB04}.Release|Any CPU.Build.0 = Release|Any CPU
		{A231B457-09CD-4D36-9B37-1A234EE3BAAB}.Debug|Any CPU.ActiveCfg = Debug|Any CPU
		{A231B457-09CD-4D36-9B37-1A234EE3BAAB}.Debug|Any CPU.Build.0 = Debug|Any CPU
		{A231B457-09CD-4D36-9B37-1A234EE3BAAB}.Release|Any CPU.ActiveCfg = Release|Any CPU
		{A231B457-09CD-4D36-9B37-1A234EE3BAAB}.Release|Any CPU.Build.0 = Release|Any CPU
	EndGlobalSection
	GlobalSection(SolutionProperties) = preSolution
		HideSolutionNode = FALSE
	EndGlobalSection
	GlobalSection(ExtensibilityGlobals) = postSolution
		SolutionGuid = {EE948DD1-A971-4C4E-BD05-4EC99BA713BF}
	EndGlobalSection
EndGlobal
